
Microsoft Visual Studio Solution File, Format Version 12.00
# Visual Studio Version 16
VisualStudioVersion = 16.0.30717.126
MinimumVisualStudioVersion = 10.0.40219.1
Project("{9A19103F-16F7-4668-BE54-9A1E7A4F7556}") = "CoViDAccountant", "CoViDAccountant.csproj", "{1465F469-FABC-4A67-94FB-E8C182E4FBEC}"
EndProject
Project("{9A19103F-16F7-4668-BE54-9A1E7A4F7556}") = "DbDesign", "..\EF\DbDesign.csproj", "{B2031E61-D867-4B64-BF03-EEA29F173FBA}"
EndProject
Project("{9A19103F-16F7-4668-BE54-9A1E7A4F7556}") = "SharedClasses", "..\Shared\SharedClasses.csproj", "{0B33461B-687E-4A44-B0D4-B3D8B5D96480}"
EndProject
Global
	GlobalSection(SolutionConfigurationPlatforms) = preSolution
		Debug|Any CPU = Debug|Any CPU
		Release|Any CPU = Release|Any CPU
	EndGlobalSection
	GlobalSection(ProjectConfigurationPlatforms) = postSolution
		{1465F469-FABC-4A67-94FB-E8C182E4FBEC}.Debug|Any CPU.ActiveCfg = Debug|Any CPU
		{1465F469-FABC-4A67-94FB-E8C182E4FBEC}.Debug|Any CPU.Build.0 = Debug|Any CPU
		{1465F469-FABC-4A67-94FB-E8C182E4FBEC}.Release|Any CPU.ActiveCfg = Release|Any CPU
		{1465F469-FABC-4A67-94FB-E8C182E4FBEC}.Release|Any CPU.Build.0 = Release|Any CPU
		{B2031E61-D867-4B64-BF03-EEA29F173FBA}.Debug|Any CPU.ActiveCfg = Debug|Any CPU
		{B2031E61-D867-4B64-BF03-EEA29F173FBA}.Debug|Any CPU.Build.0 = Debug|Any CPU
		{B2031E61-D867-4B64-BF03-EEA29F173FBA}.Release|Any CPU.ActiveCfg = Release|Any CPU
		{B2031E61-D867-4B64-BF03-EEA29F173FBA}.Release|Any CPU.Build.0 = Release|Any CPU
		{0B33461B-687E-4A44-B0D4-B3D8B5D96480}.Debug|Any CPU.ActiveCfg = Debug|Any CPU
		{0B33461B-687E-4A44-B0D4-B3D8B5D96480}.Debug|Any CPU.Build.0 = Debug|Any CPU
		{0B33461B-687E-4A44-B0D4-B3D8B5D96480}.Release|Any CPU.ActiveCfg = Release|Any CPU
		{0B33461B-687E-4A44-B0D4-B3D8B5D96480}.Release|Any CPU.Build.0 = Release|Any CPU
	EndGlobalSection
	GlobalSection(SolutionProperties) = preSolution
		HideSolutionNode = FALSE
	EndGlobalSection
	GlobalSection(ExtensibilityGlobals) = postSolution
		SolutionGuid = {1439D682-4DBE-43D1-AFF4-B5F03F4B3BD6}
	EndGlobalSection
EndGlobal
